
Microsoft Visual Studio Solution File, Format Version 12.00
# Visual Studio Version 16
VisualStudioVersion = 16.0.29806.167
MinimumVisualStudioVersion = 10.0.40219.1
Project("{9A19103F-16F7-4668-BE54-9A1E7A4F7556}") = "EncryptLibrary", "EncryptLibrary.csproj", "{C1E206BF-BD01-4AF2-902E-2C2BA48762F3}"
EndProject
Project("{FAE04EC0-301F-11D3-BF4B-00C04F79EFBC}") = "EncryptLibraryTest", "..\EncryptLibraryTest\EncryptLibraryTest.csproj", "{43F7C692-0AE1-409D-B4B9-263392B2E77A}"
EndProject
Global
	GlobalSection(SolutionConfigurationPlatforms) = preSolution
		Debug|Any CPU = Debug|Any CPU
		Release|Any CPU = Release|Any CPU
	EndGlobalSection
	GlobalSection(ProjectConfigurationPlatforms) = postSolution
		{C1E206BF-BD01-4AF2-902E-2C2BA48762F3}.Debug|Any CPU.ActiveCfg = Debug|Any CPU
		{C1E206BF-BD01-4AF2-902E-2C2BA48762F3}.Debug|Any CPU.Build.0 = Debug|Any CPU
		{C1E206BF-BD01-4AF2-902E-2C2BA48762F3}.Release|Any CPU.ActiveCfg = Release|Any CPU
		{C1E206BF-BD01-4AF2-902E-2C2BA48762F3}.Release|Any CPU.Build.0 = Release|Any CPU
		{43F7C692-0AE1-409D-B4B9-263392B2E77A}.Debug|Any CPU.ActiveCfg = Debug|Any CPU
		{43F7C692-0AE1-409D-B4B9-263392B2E77A}.Debug|Any CPU.Build.0 = Debug|Any CPU
		{43F7C692-0AE1-409D-B4B9-263392B2E77A}.Release|Any CPU.ActiveCfg = Release|Any CPU
		{43F7C692-0AE1-409D-B4B9-263392B2E77A}.Release|Any CPU.Build.0 = Release|Any CPU
	EndGlobalSection
	GlobalSection(SolutionProperties) = preSolution
		HideSolutionNode = FALSE
	EndGlobalSection
	GlobalSection(ExtensibilityGlobals) = postSolution
		SolutionGuid = {C6389AED-DDF0-4393-8817-13F9A7C883DF}
	EndGlobalSection
EndGlobal
